{
  "name": "bowling-challenge",
  "version": "1.0.0",
  "lockfileVersion": 1,
  "requires": true,
  "dependencies": {
    "eslint-plugin-jasmine": {
      "version": "2.10.1",
      "resolved": "https://registry.npmjs.org/eslint-plugin-jasmine/-/eslint-plugin-jasmine-2.10.1.tgz",
      "integrity": "sha1-VzO3CedR9LxA4x4cFpib0s377Jc=",
      "dev": true
    }
  }
}
