{
  "requires": true,
  "lockfileVersion": 1,
  "dependencies": {
    "testing_framework": {
      "version": "1.0.1",
      "resolved": "https://registry.npmjs.org/testing_framework/-/testing_framework-1.0.1.tgz",
      "integrity": "sha512-jxnr3z+i9TSLuj0CQA1A3iG1SwKx4DTlzZ9GdO00pgZPLAnowgP/UfVC+eFmEk9XANVh8H/rI4oBsrr9S5cE0Q=="
    }
  }
}
