# THIS IS AN AUTOGENERATED FILE. DO NOT EDIT THIS FILE DIRECTLY.
# yarn lockfile v1


jasmine-core@^3.6.0:
  version "3.6.0"
  resolved "https://registry.yarnpkg.com/jasmine-core/-/jasmine-core-3.6.0.tgz#491f3bb23941799c353ceb7a45b38a950ebc5a20"
  integrity sha512-8uQYa7zJN8hq9z+g8z1bqCfdC8eoDAeVnM5sfqs7KHv9/ifoJ500m018fpFc7RDaO6SWCLCXwo/wPSNcdYTgcw==
